
Microsoft Visual Studio Solution File, Format Version 12.00
# Visual Studio Version 17
VisualStudioVersion = 17.5.33516.290
MinimumVisualStudioVersion = 10.0.40219.1
Project("{9A19103F-16F7-4668-BE54-9A1E7A4F7556}") = "WebApiDemo", "WebApiDemo\WebApiDemo.csproj", "{243039AB-84FB-49C3-93FC-F3CF1422F667}"
EndProject
Project("{2150E333-8FDC-42A3-9474-1A3956D46DE8}") = "Solution Items", "Solution Items", "{352FEAA0-6C66-4DCE-B8CA-5D7FA37319FE}"
	ProjectSection(SolutionItems) = preProject
		.editorconfig = .editorconfig
	EndProjectSection
EndProject
Global
	GlobalSection(SolutionConfigurationPlatforms) = preSolution
		Debug|Any CPU = Debug|Any CPU
		Release|Any CPU = Release|Any CPU
	EndGlobalSection
	GlobalSection(ProjectConfigurationPlatforms) = postSolution
		{243039AB-84FB-49C3-93FC-F3CF1422F667}.Debug|Any CPU.ActiveCfg = Debug|Any CPU
		{243039AB-84FB-49C3-93FC-F3CF1422F667}.Debug|Any CPU.Build.0 = Debug|Any CPU
		{243039AB-84FB-49C3-93FC-F3CF1422F667}.Release|Any CPU.ActiveCfg = Release|Any CPU
		{243039AB-84FB-49C3-93FC-F3CF1422F667}.Release|Any CPU.Build.0 = Release|Any CPU
	EndGlobalSection
	GlobalSection(SolutionProperties) = preSolution
		HideSolutionNode = FALSE
	EndGlobalSection
	GlobalSection(ExtensibilityGlobals) = postSolution
		SolutionGuid = {9B0CB819-8A36-47EC-A38A-A0F09BB79C24}
	EndGlobalSection
EndGlobal
